
Microsoft Visual Studio Solution File, Format Version 12.00
# Visual Studio Version 16
VisualStudioVersion = 16.0.35425.106
MinimumVisualStudioVersion = 10.0.40219.1
Project("{FAE04EC0-301F-11D3-BF4B-00C04F79EFBC}") = "Pagxd", "Pagxd\Pagxd.csproj", "{90A9A894-D14E-43CF-983E-0E0693CE2A44}"
EndProject
Global
	GlobalSection(SolutionConfigurationPlatforms) = preSolution
		Debug|Any CPU = Debug|Any CPU
		Release|Any CPU = Release|Any CPU
	EndGlobalSection
	GlobalSection(ProjectConfigurationPlatforms) = postSolution
		{90A9A894-D14E-43CF-983E-0E0693CE2A44}.Debug|Any CPU.ActiveCfg = Debug|Any CPU
		{90A9A894-D14E-43CF-983E-0E0693CE2A44}.Debug|Any CPU.Build.0 = Debug|Any CPU
		{90A9A894-D14E-43CF-983E-0E0693CE2A44}.Release|Any CPU.ActiveCfg = Release|Any CPU
		{90A9A894-D14E-43CF-983E-0E0693CE2A44}.Release|Any CPU.Build.0 = Release|Any CPU
	EndGlobalSection
	GlobalSection(SolutionProperties) = preSolution
		HideSolutionNode = FALSE
	EndGlobalSection
	GlobalSection(ExtensibilityGlobals) = postSolution
		SolutionGuid = {2632916E-91F2-4907-8149-A611848F51A3}
	EndGlobalSection
EndGlobal
